
Microsoft Visual Studio Solution File, Format Version 12.00
# Visual Studio Version 17
VisualStudioVersion = 17.6.33829.357
MinimumVisualStudioVersion = 10.0.40219.1
Project("{FAE04EC0-301F-11D3-BF4B-00C04F79EFBC}") = "about me pt2", "about me pt2\about me pt2.csproj", "{161CC70A-6299-496B-B852-C937E8004397}"
EndProject
Global
	GlobalSection(SolutionConfigurationPlatforms) = preSolution
		Debug|Any CPU = Debug|Any CPU
		Release|Any CPU = Release|Any CPU
	EndGlobalSection
	GlobalSection(ProjectConfigurationPlatforms) = postSolution
		{161CC70A-6299-496B-B852-C937E8004397}.Debug|Any CPU.ActiveCfg = Debug|Any CPU
		{161CC70A-6299-496B-B852-C937E8004397}.Debug|Any CPU.Build.0 = Debug|Any CPU
		{161CC70A-6299-496B-B852-C937E8004397}.Release|Any CPU.ActiveCfg = Release|Any CPU
		{161CC70A-6299-496B-B852-C937E8004397}.Release|Any CPU.Build.0 = Release|Any CPU
	EndGlobalSection
	GlobalSection(SolutionProperties) = preSolution
		HideSolutionNode = FALSE
	EndGlobalSection
	GlobalSection(ExtensibilityGlobals) = postSolution
		SolutionGuid = {E21619BD-1BC9-4A72-B05C-6E7B8FF9107A}
	EndGlobalSection
EndGlobal
